
Microsoft Visual Studio Solution File, Format Version 12.00
# Visual Studio Version 17
VisualStudioVersion = 17.11.35312.102
MinimumVisualStudioVersion = 10.0.40219.1
Project("{FAE04EC0-301F-11D3-BF4B-00C04F79EFBC}") = "MethodExample", "MethodExample\MethodExample.csproj", "{87F3CB64-5E96-4E1E-8CDF-E6238EA08EB6}"
EndProject
Project("{FAE04EC0-301F-11D3-BF4B-00C04F79EFBC}") = "ClassLibrary1", "ClassLibrary1\ClassLibrary1.csproj", "{5074A6D5-146B-42D6-A7A0-35B2796A8B02}"
EndProject
Global
	GlobalSection(SolutionConfigurationPlatforms) = preSolution
		Debug|Any CPU = Debug|Any CPU
		Release|Any CPU = Release|Any CPU
	EndGlobalSection
	GlobalSection(ProjectConfigurationPlatforms) = postSolution
		{87F3CB64-5E96-4E1E-8CDF-E6238EA08EB6}.Debug|Any CPU.ActiveCfg = Debug|Any CPU
		{87F3CB64-5E96-4E1E-8CDF-E6238EA08EB6}.Debug|Any CPU.Build.0 = Debug|Any CPU
		{87F3CB64-5E96-4E1E-8CDF-E6238EA08EB6}.Release|Any CPU.ActiveCfg = Release|Any CPU
		{87F3CB64-5E96-4E1E-8CDF-E6238EA08EB6}.Release|Any CPU.Build.0 = Release|Any CPU
		{5074A6D5-146B-42D6-A7A0-35B2796A8B02}.Debug|Any CPU.ActiveCfg = Debug|Any CPU
		{5074A6D5-146B-42D6-A7A0-35B2796A8B02}.Debug|Any CPU.Build.0 = Debug|Any CPU
		{5074A6D5-146B-42D6-A7A0-35B2796A8B02}.Release|Any CPU.ActiveCfg = Release|Any CPU
		{5074A6D5-146B-42D6-A7A0-35B2796A8B02}.Release|Any CPU.Build.0 = Release|Any CPU
	EndGlobalSection
	GlobalSection(SolutionProperties) = preSolution
		HideSolutionNode = FALSE
	EndGlobalSection
	GlobalSection(ExtensibilityGlobals) = postSolution
		SolutionGuid = {2DFD28B8-2454-45EC-A3D7-D09CE4A7AE22}
	EndGlobalSection
EndGlobal
